Microsoft Visual Studio Solution File, Format Version 12.00
# Visual Studio Version 17
VisualStudioVersion = 17.5.2.0
MinimumVisualStudioVersion = 10.0.40219.1
Project("{FAE04EC0-301F-11D3-BF4B-00C04F79EFBC}") = "ThemeParkMCPServer", "ThemeParkMCPServer.csproj", "{86276C21-BB46-38CA-62E8-D6D2FC18935C}"
EndProject
Global
	GlobalSection(SolutionConfigurationPlatforms) = preSolution
		Debug|Any CPU = Debug|Any CPU
		Release|Any CPU = Release|Any CPU
	EndGlobalSection
	GlobalSection(ProjectConfigurationPlatforms) = postSolution
		{86276C21-BB46-38CA-62E8-D6D2FC18935C}.Debug|Any CPU.ActiveCfg = Debug|Any CPU
		{86276C21-BB46-38CA-62E8-D6D2FC18935C}.Debug|Any CPU.Build.0 = Debug|Any CPU
		{86276C21-BB46-38CA-62E8-D6D2FC18935C}.Release|Any CPU.ActiveCfg = Release|Any CPU
		{86276C21-BB46-38CA-62E8-D6D2FC18935C}.Release|Any CPU.Build.0 = Release|Any CPU
	EndGlobalSection
	GlobalSection(SolutionProperties) = preSolution
		HideSolutionNode = FALSE
	EndGlobalSection
	GlobalSection(ExtensibilityGlobals) = postSolution
		SolutionGuid = {C0FFB18F-A2E4-4662-8BBD-46C0BF6931F8}
	EndGlobalSection
EndGlobal
